
Microsoft Visual Studio Solution File, Format Version 12.00
# Visual Studio Version 17
VisualStudioVersion = 17.11.35327.3
MinimumVisualStudioVersion = 10.0.40219.1
Project("{FAE04EC0-301F-11D3-BF4B-00C04F79EFBC}") = "Huy_FastFood_BE", "Huy_FastFood_BE\Huy_FastFood_BE.csproj", "{9D49FFFA-0E67-4D9A-887C-8FACD4DA7DB2}"
EndProject
Global
	GlobalSection(SolutionConfigurationPlatforms) = preSolution
		Debug|Any CPU = Debug|Any CPU
		Release|Any CPU = Release|Any CPU
	EndGlobalSection
	GlobalSection(ProjectConfigurationPlatforms) = postSolution
		{9D49FFFA-0E67-4D9A-887C-8FACD4DA7DB2}.Debug|Any CPU.ActiveCfg = Debug|Any CPU
		{9D49FFFA-0E67-4D9A-887C-8FACD4DA7DB2}.Debug|Any CPU.Build.0 = Debug|Any CPU
		{9D49FFFA-0E67-4D9A-887C-8FACD4DA7DB2}.Release|Any CPU.ActiveCfg = Release|Any CPU
		{9D49FFFA-0E67-4D9A-887C-8FACD4DA7DB2}.Release|Any CPU.Build.0 = Release|Any CPU
	EndGlobalSection
	GlobalSection(SolutionProperties) = preSolution
		HideSolutionNode = FALSE
	EndGlobalSection
	GlobalSection(ExtensibilityGlobals) = postSolution
		SolutionGuid = {18F96B93-FEAF-4F49-ACD9-B250C05AE920}
	EndGlobalSection
EndGlobal
